
Microsoft Visual Studio Solution File, Format Version 12.00
Project("{FAE04EC0-301F-11D3-BF4B-00C04F79EFBC}") = "ConsoleApp1", "ConsoleApp1\ConsoleApp1.csproj", "{97743463-A5AB-498E-A723-7E7505EB86A8}"
EndProject
Project("{FAE04EC0-301F-11D3-BF4B-00C04F79EFBC}") = "ForEachstructures", "ForEachstructures\ForEachstructures.csproj", "{3F3560A0-6C13-4C97-8E7B-F23CC16109E0}"
EndProject
Global
	GlobalSection(SolutionConfigurationPlatforms) = preSolution
		Debug|Any CPU = Debug|Any CPU
		Release|Any CPU = Release|Any CPU
	EndGlobalSection
	GlobalSection(ProjectConfigurationPlatforms) = postSolution
		{97743463-A5AB-498E-A723-7E7505EB86A8}.Debug|Any CPU.ActiveCfg = Debug|Any CPU
		{97743463-A5AB-498E-A723-7E7505EB86A8}.Debug|Any CPU.Build.0 = Debug|Any CPU
		{97743463-A5AB-498E-A723-7E7505EB86A8}.Release|Any CPU.ActiveCfg = Release|Any CPU
		{97743463-A5AB-498E-A723-7E7505EB86A8}.Release|Any CPU.Build.0 = Release|Any CPU
		{3F3560A0-6C13-4C97-8E7B-F23CC16109E0}.Debug|Any CPU.ActiveCfg = Debug|Any CPU
		{3F3560A0-6C13-4C97-8E7B-F23CC16109E0}.Debug|Any CPU.Build.0 = Debug|Any CPU
		{3F3560A0-6C13-4C97-8E7B-F23CC16109E0}.Release|Any CPU.ActiveCfg = Release|Any CPU
		{3F3560A0-6C13-4C97-8E7B-F23CC16109E0}.Release|Any CPU.Build.0 = Release|Any CPU
	EndGlobalSection
EndGlobal
